
Microsoft Visual Studio Solution File, Format Version 12.00
# Visual Studio 15
VisualStudioVersion = 15.0.26730.12
MinimumVisualStudioVersion = 10.0.40219.1
Project("{FAE04EC0-301F-11D3-BF4B-00C04F79EFBC}") = "Layman", "Layman\Layman.csproj", "{74C3ABC5-D8EE-4474-A5F3-1A8CAC1827B8}"
EndProject
Project("{2150E333-8FDC-42A3-9474-1A3956D46DE8}") = "Solution Items", "Solution Items", "{7C5DB6FA-A857-4A2C-88BF-17038A1DB6B1}"
	ProjectSection(SolutionItems) = preProject
		LICENSE = LICENSE
		README.md = README.md
	EndProjectSection
EndProject
Project("{FAE04EC0-301F-11D3-BF4B-00C04F79EFBC}") = "Layman.Samples", "Layman.Samples\Layman.Samples.csproj", "{E96CFB17-112D-4267-8F36-36A756974186}"
EndProject
Project("{9A19103F-16F7-4668-BE54-9A1E7A4F7556}") = "Layman.xUnit.Samples", "Layman.xUnit.Samples\Layman.xUnit.Samples.csproj", "{AA5F2203-5E2D-40C8-A4E6-B9FD67DF02E8}"
EndProject
Project("{FAE04EC0-301F-11D3-BF4B-00C04F79EFBC}") = "Layman.xUnit", "Layman.xUnit\Layman.xUnit.csproj", "{74154389-3013-4F14-8AFB-6FF351B71017}"
EndProject
Global
	GlobalSection(SolutionConfigurationPlatforms) = preSolution
		Debug|Any CPU = Debug|Any CPU
		Release|Any CPU = Release|Any CPU
	EndGlobalSection
	GlobalSection(ProjectConfigurationPlatforms) = postSolution
		{74C3ABC5-D8EE-4474-A5F3-1A8CAC1827B8}.Debug|Any CPU.ActiveCfg = Debug|Any CPU
		{74C3ABC5-D8EE-4474-A5F3-1A8CAC1827B8}.Debug|Any CPU.Build.0 = Debug|Any CPU
		{74C3ABC5-D8EE-4474-A5F3-1A8CAC1827B8}.Release|Any CPU.ActiveCfg = Release|Any CPU
		{74C3ABC5-D8EE-4474-A5F3-1A8CAC1827B8}.Release|Any CPU.Build.0 = Release|Any CPU
		{E96CFB17-112D-4267-8F36-36A756974186}.Debug|Any CPU.ActiveCfg = Debug|Any CPU
		{E96CFB17-112D-4267-8F36-36A756974186}.Debug|Any CPU.Build.0 = Debug|Any CPU
		{E96CFB17-112D-4267-8F36-36A756974186}.Release|Any CPU.ActiveCfg = Release|Any CPU
		{E96CFB17-112D-4267-8F36-36A756974186}.Release|Any CPU.Build.0 = Release|Any CPU
		{AA5F2203-5E2D-40C8-A4E6-B9FD67DF02E8}.Debug|Any CPU.ActiveCfg = Debug|Any CPU
		{AA5F2203-5E2D-40C8-A4E6-B9FD67DF02E8}.Debug|Any CPU.Build.0 = Debug|Any CPU
		{AA5F2203-5E2D-40C8-A4E6-B9FD67DF02E8}.Release|Any CPU.ActiveCfg = Release|Any CPU
		{AA5F2203-5E2D-40C8-A4E6-B9FD67DF02E8}.Release|Any CPU.Build.0 = Release|Any CPU
		{74154389-3013-4F14-8AFB-6FF351B71017}.Debug|Any CPU.ActiveCfg = Debug|Any CPU
		{74154389-3013-4F14-8AFB-6FF351B71017}.Debug|Any CPU.Build.0 = Debug|Any CPU
		{74154389-3013-4F14-8AFB-6FF351B71017}.Release|Any CPU.ActiveCfg = Release|Any CPU
		{74154389-3013-4F14-8AFB-6FF351B71017}.Release|Any CPU.Build.0 = Release|Any CPU
	EndGlobalSection
	GlobalSection(SolutionProperties) = preSolution
		HideSolutionNode = FALSE
	EndGlobalSection
	GlobalSection(ExtensibilityGlobals) = postSolution
		SolutionGuid = {9FFD37A0-11E7-4D5A-BE98-DE7658C9258F}
	EndGlobalSection
EndGlobal
